
Microsoft Visual Studio Solution File, Format Version 12.00
# Visual Studio Version 16
VisualStudioVersion = 16.0.31624.102
MinimumVisualStudioVersion = 10.0.40219.1
Project("{FAE04EC0-301F-11D3-BF4B-00C04F79EFBC}") = "NetworkSoundBox", "NetworkSoundBox.csproj", "{6F412F3D-9AD3-4794-82AC-37E9C4DDA24A}"
EndProject
Global
	GlobalSection(SolutionConfigurationPlatforms) = preSolution
		Debug|Any CPU = Debug|Any CPU
		Release|Any CPU = Release|Any CPU
	EndGlobalSection
	GlobalSection(ProjectConfigurationPlatforms) = postSolution
		{6F412F3D-9AD3-4794-82AC-37E9C4DDA24A}.Debug|Any CPU.ActiveCfg = Debug|Any CPU
		{6F412F3D-9AD3-4794-82AC-37E9C4DDA24A}.Debug|Any CPU.Build.0 = Debug|Any CPU
		{6F412F3D-9AD3-4794-82AC-37E9C4DDA24A}.Release|Any CPU.ActiveCfg = Release|Any CPU
		{6F412F3D-9AD3-4794-82AC-37E9C4DDA24A}.Release|Any CPU.Build.0 = Release|Any CPU
	EndGlobalSection
	GlobalSection(SolutionProperties) = preSolution
		HideSolutionNode = FALSE
	EndGlobalSection
	GlobalSection(ExtensibilityGlobals) = postSolution
		SolutionGuid = {AC624B74-157E-4BF9-9207-7B8D4D0D4165}
	EndGlobalSection
EndGlobal
